
Microsoft Visual Studio Solution File, Format Version 12.00
# Visual Studio Version 17
VisualStudioVersion = 17.11.35327.3
MinimumVisualStudioVersion = 10.0.40219.1
Project("{9A19103F-16F7-4668-BE54-9A1E7A4F7556}") = "POS.API", "POS.API\POS.API.csproj", "{EB8D86B0-AA3F-4988-8465-FA30B1804A9F}"
EndProject
Project("{2150E333-8FDC-42A3-9474-1A3956D46DE8}") = "src", "src", "{9C5DE7AB-7F15-44B6-B4B9-447437CB671D}"
EndProject
Project("{2150E333-8FDC-42A3-9474-1A3956D46DE8}") = "API", "API", "{04B4DF8F-E1CB-4795-990E-1BF36CAFE83A}"
EndProject
Project("{2150E333-8FDC-42A3-9474-1A3956D46DE8}") = "Core", "Core", "{FEDA21BF-F166-4DDC-93CC-7F0B9A966693}"
EndProject
Project("{2150E333-8FDC-42A3-9474-1A3956D46DE8}") = "Infrastructure", "Infrastructure", "{BB2B5FCD-1A41-4587-AA72-BF635EF195B7}"
EndProject
Project("{9A19103F-16F7-4668-BE54-9A1E7A4F7556}") = "POS.Domain", "POS.Domain\POS.Domain.csproj", "{E7F9FCD6-6118-4AAC-AB4E-61EEAA5C9CE6}"
EndProject
Project("{9A19103F-16F7-4668-BE54-9A1E7A4F7556}") = "POS.Application", "POS.Application\POS.Application.csproj", "{E4AC207F-3FF9-4567-AE7A-06EFE55853D8}"
EndProject
Project("{9A19103F-16F7-4668-BE54-9A1E7A4F7556}") = "POS.Infrastructure", "POS.Infrastructure\POS.Infrastructure.csproj", "{77D65506-21CA-422C-977E-ACD90A801C53}"
EndProject
Project("{9A19103F-16F7-4668-BE54-9A1E7A4F7556}") = "POS.Persistance", "POS.Persistance\POS.Persistance.csproj", "{D04AE6D6-3E79-4943-A26E-A8E7CDE92E19}"
EndProject
Project("{2150E333-8FDC-42A3-9474-1A3956D46DE8}") = "AzureFunctions", "AzureFunctions", "{7F0217A7-87B6-4AAE-AC4E-DECD96AB6F46}"
EndProject
Project("{FAE04EC0-301F-11D3-BF4B-00C04F79EFBC}") = "POS.AzureFunctions", "POS.AzureFunctions\POS.AzureFunctions.csproj", "{ED7BD989-6E2E-496F-807A-2C489B6E8C8D}"
EndProject
Global
	GlobalSection(SolutionConfigurationPlatforms) = preSolution
		Debug|Any CPU = Debug|Any CPU
		Release|Any CPU = Release|Any CPU
	EndGlobalSection
	GlobalSection(ProjectConfigurationPlatforms) = postSolution
		{EB8D86B0-AA3F-4988-8465-FA30B1804A9F}.Debug|Any CPU.ActiveCfg = Debug|Any CPU
		{EB8D86B0-AA3F-4988-8465-FA30B1804A9F}.Debug|Any CPU.Build.0 = Debug|Any CPU
		{EB8D86B0-AA3F-4988-8465-FA30B1804A9F}.Release|Any CPU.ActiveCfg = Release|Any CPU
		{EB8D86B0-AA3F-4988-8465-FA30B1804A9F}.Release|Any CPU.Build.0 = Release|Any CPU
		{E7F9FCD6-6118-4AAC-AB4E-61EEAA5C9CE6}.Debug|Any CPU.ActiveCfg = Debug|Any CPU
		{E7F9FCD6-6118-4AAC-AB4E-61EEAA5C9CE6}.Debug|Any CPU.Build.0 = Debug|Any CPU
		{E7F9FCD6-6118-4AAC-AB4E-61EEAA5C9CE6}.Release|Any CPU.ActiveCfg = Release|Any CPU
		{E7F9FCD6-6118-4AAC-AB4E-61EEAA5C9CE6}.Release|Any CPU.Build.0 = Release|Any CPU
		{E4AC207F-3FF9-4567-AE7A-06EFE55853D8}.Debug|Any CPU.ActiveCfg = Debug|Any CPU
		{E4AC207F-3FF9-4567-AE7A-06EFE55853D8}.Debug|Any CPU.Build.0 = Debug|Any CPU
		{E4AC207F-3FF9-4567-AE7A-06EFE55853D8}.Release|Any CPU.ActiveCfg = Release|Any CPU
		{E4AC207F-3FF9-4567-AE7A-06EFE55853D8}.Release|Any CPU.Build.0 = Release|Any CPU
		{77D65506-21CA-422C-977E-ACD90A801C53}.Debug|Any CPU.ActiveCfg = Debug|Any CPU
		{77D65506-21CA-422C-977E-ACD90A801C53}.Debug|Any CPU.Build.0 = Debug|Any CPU
		{77D65506-21CA-422C-977E-ACD90A801C53}.Release|Any CPU.ActiveCfg = Release|Any CPU
		{77D65506-21CA-422C-977E-ACD90A801C53}.Release|Any CPU.Build.0 = Release|Any CPU
		{D04AE6D6-3E79-4943-A26E-A8E7CDE92E19}.Debug|Any CPU.ActiveCfg = Debug|Any CPU
		{D04AE6D6-3E79-4943-A26E-A8E7CDE92E19}.Debug|Any CPU.Build.0 = Debug|Any CPU
		{D04AE6D6-3E79-4943-A26E-A8E7CDE92E19}.Release|Any CPU.ActiveCfg = Release|Any CPU
		{D04AE6D6-3E79-4943-A26E-A8E7CDE92E19}.Release|Any CPU.Build.0 = Release|Any CPU
		{ED7BD989-6E2E-496F-807A-2C489B6E8C8D}.Debug|Any CPU.ActiveCfg = Debug|Any CPU
		{ED7BD989-6E2E-496F-807A-2C489B6E8C8D}.Debug|Any CPU.Build.0 = Debug|Any CPU
		{ED7BD989-6E2E-496F-807A-2C489B6E8C8D}.Release|Any CPU.ActiveCfg = Release|Any CPU
		{ED7BD989-6E2E-496F-807A-2C489B6E8C8D}.Release|Any CPU.Build.0 = Release|Any CPU
	EndGlobalSection
	GlobalSection(SolutionProperties) = preSolution
		HideSolutionNode = FALSE
	EndGlobalSection
	GlobalSection(NestedProjects) = preSolution
		{EB8D86B0-AA3F-4988-8465-FA30B1804A9F} = {04B4DF8F-E1CB-4795-990E-1BF36CAFE83A}
		{04B4DF8F-E1CB-4795-990E-1BF36CAFE83A} = {9C5DE7AB-7F15-44B6-B4B9-447437CB671D}
		{FEDA21BF-F166-4DDC-93CC-7F0B9A966693} = {9C5DE7AB-7F15-44B6-B4B9-447437CB671D}
		{BB2B5FCD-1A41-4587-AA72-BF635EF195B7} = {9C5DE7AB-7F15-44B6-B4B9-447437CB671D}
		{E7F9FCD6-6118-4AAC-AB4E-61EEAA5C9CE6} = {FEDA21BF-F166-4DDC-93CC-7F0B9A966693}
		{E4AC207F-3FF9-4567-AE7A-06EFE55853D8} = {FEDA21BF-F166-4DDC-93CC-7F0B9A966693}
		{77D65506-21CA-422C-977E-ACD90A801C53} = {BB2B5FCD-1A41-4587-AA72-BF635EF195B7}
		{D04AE6D6-3E79-4943-A26E-A8E7CDE92E19} = {BB2B5FCD-1A41-4587-AA72-BF635EF195B7}
		{7F0217A7-87B6-4AAE-AC4E-DECD96AB6F46} = {9C5DE7AB-7F15-44B6-B4B9-447437CB671D}
		{ED7BD989-6E2E-496F-807A-2C489B6E8C8D} = {7F0217A7-87B6-4AAE-AC4E-DECD96AB6F46}
	EndGlobalSection
	GlobalSection(ExtensibilityGlobals) = postSolution
		SolutionGuid = {8CFB0CF9-CC75-4C95-A65C-6030EA2A5F08}
	EndGlobalSection
EndGlobal
